
Microsoft Visual Studio Solution File, Format Version 12.00
# Visual Studio Version 17
VisualStudioVersion = 17.5.002.0
MinimumVisualStudioVersion = 10.0.40219.1
Project("{9A19103F-16F7-4668-BE54-9A1E7A4F7556}") = "CadastroDeUsuarios", "CadastroDeUsuarios.csproj", "{EFC6A517-B602-43CC-80D3-1E0A25E817A5}"
EndProject
Global
	GlobalSection(SolutionConfigurationPlatforms) = preSolution
		Debug|Any CPU = Debug|Any CPU
		Release|Any CPU = Release|Any CPU
	EndGlobalSection
	GlobalSection(ProjectConfigurationPlatforms) = postSolution
		{EFC6A517-B602-43CC-80D3-1E0A25E817A5}.Debug|Any CPU.ActiveCfg = Debug|Any CPU
		{EFC6A517-B602-43CC-80D3-1E0A25E817A5}.Debug|Any CPU.Build.0 = Debug|Any CPU
		{EFC6A517-B602-43CC-80D3-1E0A25E817A5}.Release|Any CPU.ActiveCfg = Release|Any CPU
		{EFC6A517-B602-43CC-80D3-1E0A25E817A5}.Release|Any CPU.Build.0 = Release|Any CPU
	EndGlobalSection
	GlobalSection(SolutionProperties) = preSolution
		HideSolutionNode = FALSE
	EndGlobalSection
	GlobalSection(ExtensibilityGlobals) = postSolution
		SolutionGuid = {CC447A5E-893C-48D2-97FC-5E223165BD92}
	EndGlobalSection
EndGlobal
